
Microsoft Visual Studio Solution File, Format Version 12.00
# Visual Studio Version 17
VisualStudioVersion = 17.7.34031.279
MinimumVisualStudioVersion = 10.0.40219.1
Project("{FAE04EC0-301F-11D3-BF4B-00C04F79EFBC}") = "de4", "de4\de4.csproj", "{89266A34-35B0-491B-B7A8-75BC3F307D31}"
EndProject
Global
	GlobalSection(SolutionConfigurationPlatforms) = preSolution
		Debug|Any CPU = Debug|Any CPU
		Release|Any CPU = Release|Any CPU
	EndGlobalSection
	GlobalSection(ProjectConfigurationPlatforms) = postSolution
		{89266A34-35B0-491B-B7A8-75BC3F307D31}.Debug|Any CPU.ActiveCfg = Debug|Any CPU
		{89266A34-35B0-491B-B7A8-75BC3F307D31}.Debug|Any CPU.Build.0 = Debug|Any CPU
		{89266A34-35B0-491B-B7A8-75BC3F307D31}.Release|Any CPU.ActiveCfg = Release|Any CPU
		{89266A34-35B0-491B-B7A8-75BC3F307D31}.Release|Any CPU.Build.0 = Release|Any CPU
	EndGlobalSection
	GlobalSection(SolutionProperties) = preSolution
		HideSolutionNode = FALSE
	EndGlobalSection
	GlobalSection(ExtensibilityGlobals) = postSolution
		SolutionGuid = {218D0BB3-652D-4A86-8457-324B1111C9AF}
	EndGlobalSection
EndGlobal
